
Microsoft Visual Studio Solution File, Format Version 11.00
# Visual Studio 2010
Project("{FAE04EC0-301F-11D3-BF4B-00C04F79EFBC}") = "Alti2Reader", "Alti2Reader\Alti2Reader.csproj", "{02249243-EC6F-4BC7-9B49-DE9132F5E5FE}"
EndProject
Global
	GlobalSection(SolutionConfigurationPlatforms) = preSolution
		Debug|Any CPU = Debug|Any CPU
		Debug|Mixed Platforms = Debug|Mixed Platforms
		Debug|x86 = Debug|x86
		Release|Any CPU = Release|Any CPU
		Release|Mixed Platforms = Release|Mixed Platforms
		Release|x86 = Release|x86
	EndGlobalSection
	GlobalSection(ProjectConfigurationPlatforms) = postSolution
		{02249243-EC6F-4BC7-9B49-DE9132F5E5FE}.Debug|Any CPU.ActiveCfg = Debug|x86
		{02249243-EC6F-4BC7-9B49-DE9132F5E5FE}.Debug|Mixed Platforms.ActiveCfg = Debug|x86
		{02249243-EC6F-4BC7-9B49-DE9132F5E5FE}.Debug|Mixed Platforms.Build.0 = Debug|x86
		{02249243-EC6F-4BC7-9B49-DE9132F5E5FE}.Debug|x86.ActiveCfg = Debug|x86
		{02249243-EC6F-4BC7-9B49-DE9132F5E5FE}.Debug|x86.Build.0 = Debug|x86
		{02249243-EC6F-4BC7-9B49-DE9132F5E5FE}.Release|Any CPU.ActiveCfg = Release|x86
		{02249243-EC6F-4BC7-9B49-DE9132F5E5FE}.Release|Mixed Platforms.ActiveCfg = Release|x86
		{02249243-EC6F-4BC7-9B49-DE9132F5E5FE}.Release|Mixed Platforms.Build.0 = Release|x86
		{02249243-EC6F-4BC7-9B49-DE9132F5E5FE}.Release|x86.ActiveCfg = Release|x86
		{02249243-EC6F-4BC7-9B49-DE9132F5E5FE}.Release|x86.Build.0 = Release|x86
	EndGlobalSection
	GlobalSection(SolutionProperties) = preSolution
		HideSolutionNode = FALSE
	EndGlobalSection
EndGlobal
